<Solution>
  <Project Path="../NHLStats/NHLStats.csproj" Id="69c5fef6-4389-4bc5-a584-4be7864adf4d" />
  <Project Path="../NHL_Class_Library/NHL_Class_Library.csproj" Id="fd34676f-3942-45dd-966c-856a08a0b357" />
  <Project Path="../SportStatLibrary/SportStatLibrary.csproj" Id="8577e8e4-e308-4f11-96dd-a15bfc65f329" />
  <Project Path="Sports_Project_1.csproj" Id="57dc329e-c8bb-4eac-a193-3fb08b66d2e8" />
</Solution>
